
Microsoft Visual Studio Solution File, Format Version 12.00
# Visual Studio Version 17
VisualStudioVersion = 17.3.32901.215
MinimumVisualStudioVersion = 10.0.40219.1
Project("{2150E333-8FDC-42A3-9474-1A3956D46DE8}") = "Solution Items", "Solution Items", "{11F947EA-6159-4D88-BF71-E8F6EF4F3095}"
	ProjectSection(SolutionItems) = preProject
		src\Services\Product.API\.dockerignore = src\Services\Product.API\.dockerignore
		src\docker-compose.override.yml = src\docker-compose.override.yml
		src\docker-compose.yml = src\docker-compose.yml
		global.json = global.json
		Readme.md = Readme.md
		Tedu-Microservices-Solution_Architect.jpeg = Tedu-Microservices-Solution_Architect.jpeg
	EndProjectSection
EndProject
Project("{2150E333-8FDC-42A3-9474-1A3956D46DE8}") = "src", "src", "{6CB94B9F-606C-4733-B9EE-5D69B954B712}"
EndProject
Project("{2150E333-8FDC-42A3-9474-1A3956D46DE8}") = "tests", "tests", "{8213986B-5A8C-4423-A2DF-85D66686D262}"
EndProject
Project("{2150E333-8FDC-42A3-9474-1A3956D46DE8}") = "ApiGateways", "ApiGateways", "{E7FE3956-7FAB-41DE-9F88-487E7B437B89}"
EndProject
Project("{2150E333-8FDC-42A3-9474-1A3956D46DE8}") = "BuildingBlocks", "BuildingBlocks", "{176AA375-C789-4825-A5EF-B9DA1D16CBC4}"
EndProject
Project("{2150E333-8FDC-42A3-9474-1A3956D46DE8}") = "Services", "Services", "{FA90CBA4-FF8B-42E4-BB49-C1D3C68CED5A}"
EndProject
Project("{2150E333-8FDC-42A3-9474-1A3956D46DE8}") = "WebApps", "WebApps", "{8ACD2379-7F60-4F1D-A112-DD51F0EBC793}"
EndProject
Project("{9A19103F-16F7-4668-BE54-9A1E7A4F7556}") = "Common.Logging", "src\BuildingBlocks\Common.Logging\Common.Logging.csproj", "{9389E0F5-A4F7-4444-9998-29FA9FE00BC1}"
EndProject
Project("{2150E333-8FDC-42A3-9474-1A3956D46DE8}") = "Product", "Product", "{84BE9BAB-0162-4BC7-937A-A4D3895586A9}"
EndProject
Project("{2150E333-8FDC-42A3-9474-1A3956D46DE8}") = "Basket", "Basket", "{A79B208A-621E-48E9-BF05-BE8F1138D65A}"
EndProject
Project("{2150E333-8FDC-42A3-9474-1A3956D46DE8}") = "Odering", "Odering", "{C4B68B77-349E-4402-8C84-F2DAE59BE101}"
EndProject
Project("{2150E333-8FDC-42A3-9474-1A3956D46DE8}") = "Customer", "Customer", "{D685B3CA-7A36-4900-B328-03E56CB604D2}"
EndProject
Project("{2150E333-8FDC-42A3-9474-1A3956D46DE8}") = "Inventory", "Inventory", "{9EC75D7E-0188-45B9-A740-709CC65E1599}"
EndProject
Project("{2150E333-8FDC-42A3-9474-1A3956D46DE8}") = "Scheduled.Job", "Scheduled.Job", "{98BF2456-39F5-44D3-8ED1-A6906F3B6F35}"
EndProject
Project("{9A19103F-16F7-4668-BE54-9A1E7A4F7556}") = "Basket.API", "src\Services\Basket.API\Basket.API.csproj", "{9E10D388-7F29-4F1F-BC34-2762F688B856}"
EndProject
Project("{9A19103F-16F7-4668-BE54-9A1E7A4F7556}") = "WebHealthStatus", "src\WebApps\WebHealthStatus\WebHealthStatus.csproj", "{8AE3A259-9BC0-4A26-AD78-37737084AD74}"
EndProject
Project("{9A19103F-16F7-4668-BE54-9A1E7A4F7556}") = "Customer.API", "src\Services\Customer.API\Customer.API.csproj", "{9A0ECBFE-C20F-456E-9A2C-16480D5981D8}"
EndProject
Project("{9A19103F-16F7-4668-BE54-9A1E7A4F7556}") = "Inventory.Product.API", "src\Services\Inventory.Product.API\Inventory.Product.API.csproj", "{18D56A2B-1F41-4414-A6E6-B81DAB626CE0}"
EndProject
Project("{9A19103F-16F7-4668-BE54-9A1E7A4F7556}") = "Product.API", "src\Services\Product.API\Product.API.csproj", "{7C587135-1FA2-4FA9-9FC6-20EFFBD4D8A1}"
EndProject
Project("{9A19103F-16F7-4668-BE54-9A1E7A4F7556}") = "Hangfire.API", "src\Services\Hangfire.API\Hangfire.API.csproj", "{67E93454-AA1B-422B-B121-21E417753234}"
EndProject
Project("{9A19103F-16F7-4668-BE54-9A1E7A4F7556}") = "Contracts", "src\BuildingBlocks\Contracts\Contracts.csproj", "{0B8C5930-BD4E-4ADF-AFD5-82B7403D58A2}"
EndProject
Project("{9A19103F-16F7-4668-BE54-9A1E7A4F7556}") = "EventBus.Messages", "src\BuildingBlocks\EventBus.Messages\EventBus.Messages.csproj", "{FDE132D5-659C-4414-9DA5-6264AE5AD726}"
EndProject
Project("{9A19103F-16F7-4668-BE54-9A1E7A4F7556}") = "Shared", "src\BuildingBlocks\Shared\Shared.csproj", "{AF3F5FF1-37B3-49AD-B84B-C89ACE5B3420}"
EndProject
Project("{9A19103F-16F7-4668-BE54-9A1E7A4F7556}") = "OcelotApiGw", "src\ApiGateways\OcelotApiGw\OcelotApiGw.csproj", "{20A3C164-7D4F-4D13-A6E8-6B3E1D761C6C}"
EndProject
Project("{9A19103F-16F7-4668-BE54-9A1E7A4F7556}") = "Infrastructure", "src\BuildingBlocks\Infrastructure\Infrastructure.csproj", "{D042BB18-324E-4FED-9946-83134A9E61CD}"
EndProject
Project("{9A19103F-16F7-4668-BE54-9A1E7A4F7556}") = "Ordering.API", "src\Services\Ordering\Ordering.API\Ordering.API.csproj", "{25D7E074-1746-485D-9349-AC727D393FE3}"
EndProject
Project("{9A19103F-16F7-4668-BE54-9A1E7A4F7556}") = "Ordering.Application", "src\Services\Ordering\Ordering.Application\Ordering.Application.csproj", "{05B1F20C-3A27-4F17-9664-E0FF3CEA381C}"
EndProject
Project("{9A19103F-16F7-4668-BE54-9A1E7A4F7556}") = "Ordering.Domain", "src\Services\Ordering\Ordering.Domain\Ordering.Domain.csproj", "{7DA627F6-F30F-44FD-98AD-7177DB467A42}"
EndProject
Project("{9A19103F-16F7-4668-BE54-9A1E7A4F7556}") = "Ordering.Infrastructure", "src\Services\Ordering\Ordering.Infrastructure\Ordering.Infrastructure.csproj", "{2FB4168B-6415-49C7-82AD-33B64564CE1F}"
EndProject
Global
	GlobalSection(SolutionConfigurationPlatforms) = preSolution
		Debug|Any CPU = Debug|Any CPU
		Release|Any CPU = Release|Any CPU
	EndGlobalSection
	GlobalSection(ProjectConfigurationPlatforms) = postSolution
		{9389E0F5-A4F7-4444-9998-29FA9FE00BC1}.Debug|Any CPU.ActiveCfg = Debug|Any CPU
		{9389E0F5-A4F7-4444-9998-29FA9FE00BC1}.Debug|Any CPU.Build.0 = Debug|Any CPU
		{9389E0F5-A4F7-4444-9998-29FA9FE00BC1}.Release|Any CPU.ActiveCfg = Release|Any CPU
		{9389E0F5-A4F7-4444-9998-29FA9FE00BC1}.Release|Any CPU.Build.0 = Release|Any CPU
		{9E10D388-7F29-4F1F-BC34-2762F688B856}.Debug|Any CPU.ActiveCfg = Debug|Any CPU
		{9E10D388-7F29-4F1F-BC34-2762F688B856}.Debug|Any CPU.Build.0 = Debug|Any CPU
		{9E10D388-7F29-4F1F-BC34-2762F688B856}.Release|Any CPU.ActiveCfg = Release|Any CPU
		{9E10D388-7F29-4F1F-BC34-2762F688B856}.Release|Any CPU.Build.0 = Release|Any CPU
		{8AE3A259-9BC0-4A26-AD78-37737084AD74}.Debug|Any CPU.ActiveCfg = Debug|Any CPU
		{8AE3A259-9BC0-4A26-AD78-37737084AD74}.Debug|Any CPU.Build.0 = Debug|Any CPU
		{8AE3A259-9BC0-4A26-AD78-37737084AD74}.Release|Any CPU.ActiveCfg = Release|Any CPU
		{8AE3A259-9BC0-4A26-AD78-37737084AD74}.Release|Any CPU.Build.0 = Release|Any CPU
		{9A0ECBFE-C20F-456E-9A2C-16480D5981D8}.Debug|Any CPU.ActiveCfg = Debug|Any CPU
		{9A0ECBFE-C20F-456E-9A2C-16480D5981D8}.Debug|Any CPU.Build.0 = Debug|Any CPU
		{9A0ECBFE-C20F-456E-9A2C-16480D5981D8}.Release|Any CPU.ActiveCfg = Release|Any CPU
		{9A0ECBFE-C20F-456E-9A2C-16480D5981D8}.Release|Any CPU.Build.0 = Release|Any CPU
		{18D56A2B-1F41-4414-A6E6-B81DAB626CE0}.Debug|Any CPU.ActiveCfg = Debug|Any CPU
		{18D56A2B-1F41-4414-A6E6-B81DAB626CE0}.Debug|Any CPU.Build.0 = Debug|Any CPU
		{18D56A2B-1F41-4414-A6E6-B81DAB626CE0}.Release|Any CPU.ActiveCfg = Release|Any CPU
		{18D56A2B-1F41-4414-A6E6-B81DAB626CE0}.Release|Any CPU.Build.0 = Release|Any CPU
		{7C587135-1FA2-4FA9-9FC6-20EFFBD4D8A1}.Debug|Any CPU.ActiveCfg = Debug|Any CPU
		{7C587135-1FA2-4FA9-9FC6-20EFFBD4D8A1}.Debug|Any CPU.Build.0 = Debug|Any CPU
		{7C587135-1FA2-4FA9-9FC6-20EFFBD4D8A1}.Release|Any CPU.ActiveCfg = Release|Any CPU
		{7C587135-1FA2-4FA9-9FC6-20EFFBD4D8A1}.Release|Any CPU.Build.0 = Release|Any CPU
		{67E93454-AA1B-422B-B121-21E417753234}.Debug|Any CPU.ActiveCfg = Debug|Any CPU
		{67E93454-AA1B-422B-B121-21E417753234}.Debug|Any CPU.Build.0 = Debug|Any CPU
		{67E93454-AA1B-422B-B121-21E417753234}.Release|Any CPU.ActiveCfg = Release|Any CPU
		{67E93454-AA1B-422B-B121-21E417753234}.Release|Any CPU.Build.0 = Release|Any CPU
		{0B8C5930-BD4E-4ADF-AFD5-82B7403D58A2}.Debug|Any CPU.ActiveCfg = Debug|Any CPU
		{0B8C5930-BD4E-4ADF-AFD5-82B7403D58A2}.Debug|Any CPU.Build.0 = Debug|Any CPU
		{0B8C5930-BD4E-4ADF-AFD5-82B7403D58A2}.Release|Any CPU.ActiveCfg = Release|Any CPU
		{0B8C5930-BD4E-4ADF-AFD5-82B7403D58A2}.Release|Any CPU.Build.0 = Release|Any CPU
		{FDE132D5-659C-4414-9DA5-6264AE5AD726}.Debug|Any CPU.ActiveCfg = Debug|Any CPU
		{FDE132D5-659C-4414-9DA5-6264AE5AD726}.Debug|Any CPU.Build.0 = Debug|Any CPU
		{FDE132D5-659C-4414-9DA5-6264AE5AD726}.Release|Any CPU.ActiveCfg = Release|Any CPU
		{FDE132D5-659C-4414-9DA5-6264AE5AD726}.Release|Any CPU.Build.0 = Release|Any CPU
		{AF3F5FF1-37B3-49AD-B84B-C89ACE5B3420}.Debug|Any CPU.ActiveCfg = Debug|Any CPU
		{AF3F5FF1-37B3-49AD-B84B-C89ACE5B3420}.Debug|Any CPU.Build.0 = Debug|Any CPU
		{AF3F5FF1-37B3-49AD-B84B-C89ACE5B3420}.Release|Any CPU.ActiveCfg = Release|Any CPU
		{AF3F5FF1-37B3-49AD-B84B-C89ACE5B3420}.Release|Any CPU.Build.0 = Release|Any CPU
		{20A3C164-7D4F-4D13-A6E8-6B3E1D761C6C}.Debug|Any CPU.ActiveCfg = Debug|Any CPU
		{20A3C164-7D4F-4D13-A6E8-6B3E1D761C6C}.Debug|Any CPU.Build.0 = Debug|Any CPU
		{20A3C164-7D4F-4D13-A6E8-6B3E1D761C6C}.Release|Any CPU.ActiveCfg = Release|Any CPU
		{20A3C164-7D4F-4D13-A6E8-6B3E1D761C6C}.Release|Any CPU.Build.0 = Release|Any CPU
		{D042BB18-324E-4FED-9946-83134A9E61CD}.Debug|Any CPU.ActiveCfg = Debug|Any CPU
		{D042BB18-324E-4FED-9946-83134A9E61CD}.Debug|Any CPU.Build.0 = Debug|Any CPU
		{D042BB18-324E-4FED-9946-83134A9E61CD}.Release|Any CPU.ActiveCfg = Release|Any CPU
		{D042BB18-324E-4FED-9946-83134A9E61CD}.Release|Any CPU.Build.0 = Release|Any CPU
		{25D7E074-1746-485D-9349-AC727D393FE3}.Debug|Any CPU.ActiveCfg = Debug|Any CPU
		{25D7E074-1746-485D-9349-AC727D393FE3}.Debug|Any CPU.Build.0 = Debug|Any CPU
		{25D7E074-1746-485D-9349-AC727D393FE3}.Release|Any CPU.ActiveCfg = Release|Any CPU
		{25D7E074-1746-485D-9349-AC727D393FE3}.Release|Any CPU.Build.0 = Release|Any CPU
		{05B1F20C-3A27-4F17-9664-E0FF3CEA381C}.Debug|Any CPU.ActiveCfg = Debug|Any CPU
		{05B1F20C-3A27-4F17-9664-E0FF3CEA381C}.Debug|Any CPU.Build.0 = Debug|Any CPU
		{05B1F20C-3A27-4F17-9664-E0FF3CEA381C}.Release|Any CPU.ActiveCfg = Release|Any CPU
		{05B1F20C-3A27-4F17-9664-E0FF3CEA381C}.Release|Any CPU.Build.0 = Release|Any CPU
		{7DA627F6-F30F-44FD-98AD-7177DB467A42}.Debug|Any CPU.ActiveCfg = Debug|Any CPU
		{7DA627F6-F30F-44FD-98AD-7177DB467A42}.Debug|Any CPU.Build.0 = Debug|Any CPU
		{7DA627F6-F30F-44FD-98AD-7177DB467A42}.Release|Any CPU.ActiveCfg = Release|Any CPU
		{7DA627F6-F30F-44FD-98AD-7177DB467A42}.Release|Any CPU.Build.0 = Release|Any CPU
		{2FB4168B-6415-49C7-82AD-33B64564CE1F}.Debug|Any CPU.ActiveCfg = Debug|Any CPU
		{2FB4168B-6415-49C7-82AD-33B64564CE1F}.Debug|Any CPU.Build.0 = Debug|Any CPU
		{2FB4168B-6415-49C7-82AD-33B64564CE1F}.Release|Any CPU.ActiveCfg = Release|Any CPU
		{2FB4168B-6415-49C7-82AD-33B64564CE1F}.Release|Any CPU.Build.0 = Release|Any CPU
	EndGlobalSection
	GlobalSection(SolutionProperties) = preSolution
		HideSolutionNode = FALSE
	EndGlobalSection
	GlobalSection(NestedProjects) = preSolution
		{E7FE3956-7FAB-41DE-9F88-487E7B437B89} = {6CB94B9F-606C-4733-B9EE-5D69B954B712}
		{176AA375-C789-4825-A5EF-B9DA1D16CBC4} = {6CB94B9F-606C-4733-B9EE-5D69B954B712}
		{FA90CBA4-FF8B-42E4-BB49-C1D3C68CED5A} = {6CB94B9F-606C-4733-B9EE-5D69B954B712}
		{8ACD2379-7F60-4F1D-A112-DD51F0EBC793} = {6CB94B9F-606C-4733-B9EE-5D69B954B712}
		{9389E0F5-A4F7-4444-9998-29FA9FE00BC1} = {176AA375-C789-4825-A5EF-B9DA1D16CBC4}
		{84BE9BAB-0162-4BC7-937A-A4D3895586A9} = {FA90CBA4-FF8B-42E4-BB49-C1D3C68CED5A}
		{A79B208A-621E-48E9-BF05-BE8F1138D65A} = {FA90CBA4-FF8B-42E4-BB49-C1D3C68CED5A}
		{C4B68B77-349E-4402-8C84-F2DAE59BE101} = {FA90CBA4-FF8B-42E4-BB49-C1D3C68CED5A}
		{D685B3CA-7A36-4900-B328-03E56CB604D2} = {FA90CBA4-FF8B-42E4-BB49-C1D3C68CED5A}
		{9EC75D7E-0188-45B9-A740-709CC65E1599} = {FA90CBA4-FF8B-42E4-BB49-C1D3C68CED5A}
		{98BF2456-39F5-44D3-8ED1-A6906F3B6F35} = {FA90CBA4-FF8B-42E4-BB49-C1D3C68CED5A}
		{9E10D388-7F29-4F1F-BC34-2762F688B856} = {A79B208A-621E-48E9-BF05-BE8F1138D65A}
		{8AE3A259-9BC0-4A26-AD78-37737084AD74} = {8ACD2379-7F60-4F1D-A112-DD51F0EBC793}
		{9A0ECBFE-C20F-456E-9A2C-16480D5981D8} = {D685B3CA-7A36-4900-B328-03E56CB604D2}
		{18D56A2B-1F41-4414-A6E6-B81DAB626CE0} = {9EC75D7E-0188-45B9-A740-709CC65E1599}
		{7C587135-1FA2-4FA9-9FC6-20EFFBD4D8A1} = {84BE9BAB-0162-4BC7-937A-A4D3895586A9}
		{67E93454-AA1B-422B-B121-21E417753234} = {98BF2456-39F5-44D3-8ED1-A6906F3B6F35}
		{0B8C5930-BD4E-4ADF-AFD5-82B7403D58A2} = {176AA375-C789-4825-A5EF-B9DA1D16CBC4}
		{FDE132D5-659C-4414-9DA5-6264AE5AD726} = {176AA375-C789-4825-A5EF-B9DA1D16CBC4}
		{AF3F5FF1-37B3-49AD-B84B-C89ACE5B3420} = {176AA375-C789-4825-A5EF-B9DA1D16CBC4}
		{20A3C164-7D4F-4D13-A6E8-6B3E1D761C6C} = {E7FE3956-7FAB-41DE-9F88-487E7B437B89}
		{D042BB18-324E-4FED-9946-83134A9E61CD} = {176AA375-C789-4825-A5EF-B9DA1D16CBC4}
		{25D7E074-1746-485D-9349-AC727D393FE3} = {C4B68B77-349E-4402-8C84-F2DAE59BE101}
		{05B1F20C-3A27-4F17-9664-E0FF3CEA381C} = {C4B68B77-349E-4402-8C84-F2DAE59BE101}
		{7DA627F6-F30F-44FD-98AD-7177DB467A42} = {C4B68B77-349E-4402-8C84-F2DAE59BE101}
		{2FB4168B-6415-49C7-82AD-33B64564CE1F} = {C4B68B77-349E-4402-8C84-F2DAE59BE101}
	EndGlobalSection
	GlobalSection(ExtensibilityGlobals) = postSolution
		SolutionGuid = {63702805-8DF8-481A-B592-F9F8C7DA71CA}
	EndGlobalSection
EndGlobal
